<?xml version="1.0" encoding="utf-8"?>
<Project ToolsVersion="4.0" xmlns="http://schemas.microsoft.com/developer/msbuild/2003">
  <ItemGroup>
    <Filter Include="Source Files">
      <UniqueIdentifier>{1aa86bd1-559a-4f9b-9275-e2267f0c02a7}</UniqueIdentifier>
      <Extensions>cpp;c;cxx;rc;def;r;odl;idl;hpj;bat</Extensions>
    </Filter>
    <Filter Include="Header Files">
      <UniqueIdentifier>{876ec36b-0144-450b-9379-f3c46cb58636}</UniqueIdentifier>
      <Extensions>h;hpp;hxx;hm;inl</Extensions>
    </Filter>
    <Filter Include="Resource Files">
      <UniqueIdentifier>{94f72856-10e6-4bda-a982-559ab50cfc91}</UniqueIdentifier>
      <Extensions>ico;cur;bmp;dlg;rc2;rct;bin;rgs;gif;jpg;jpeg;jpe</Extensions>
    </Filter>
  </ItemGroup>
  <ItemGroup>
    <ClCompile Include="regdelta.cpp">
      <Filter>Source Files</Filter>
    </ClCompile>
    <ClCompile Include="RegFile.cpp">
      <Filter>Source Files</Filter>
    </ClCompile>
    <ClCompile Include="RegFileReader.cpp">
      <Filter>Source Files</Filter>
    </ClCompile>
    <ClCompile Include="RegFileWriter.cpp">
      <Filter>Source Files</Filter>
    </ClCompile>
    <ClCompile Include="RegValue.cpp">
      <Filter>Source Files</Filter>
    </ClCompile>
  </ItemGroup>
  <ItemGroup>
    <ClInclude Include="regdelta.h">
      <Filter>Header Files</Filter>
    </ClInclude>
    <ClInclude Include="RegFile.h">
      <Filter>Header Files</Filter>
    </ClInclude>
    <ClInclude Include="RegFileReader.h">
      <Filter>Header Files</Filter>
    </ClInclude>
    <ClInclude Include="RegFileWriter.h">
      <Filter>Header Files</Filter>
    </ClInclude>
    <ClInclude Include="RegValue.h">
      <Filter>Header Files</Filter>
    </ClInclude>
    <ClInclude Include="version.h">
      <Filter>Header Files</Filter>
    </ClInclude>
  </ItemGroup>
  <ItemGroup>
    <None Include="regdelta.ico">
      <Filter>Resource Files</Filter>
    </None>
  </ItemGroup>
  <ItemGroup>
    <ResourceCompile Include="regdelta.rc">
      <Filter>Resource Files</Filter>
    </ResourceCompile>
  </ItemGroup>
</Project>